
Microsoft Visual Studio Solution File, Format Version 12.00
# Visual Studio Version 17
VisualStudioVersion = 17.3.32811.315
MinimumVisualStudioVersion = 10.0.40219.1
Project("{8BC9CEB8-8B4A-11D0-8D11-00A0C91BC942}") = "Lab7_MJAAJG", "Lab7_MJAAJG\Lab7_MJAAJG.vcxproj", "{47EB618E-8C16-4229-B657-9DBA89B3992F}"
EndProject
Global
	GlobalSection(SolutionConfigurationPlatforms) = preSolution
		Debug|x64 = Debug|x64
		Debug|x86 = Debug|x86
		Release|x64 = Release|x64
		Release|x86 = Release|x86
	EndGlobalSection
	GlobalSection(ProjectConfigurationPlatforms) = postSolution
		{47EB618E-8C16-4229-B657-9DBA89B3992F}.Debug|x64.ActiveCfg = Debug|x64
		{47EB618E-8C16-4229-B657-9DBA89B3992F}.Debug|x64.Build.0 = Debug|x64
		{47EB618E-8C16-4229-B657-9DBA89B3992F}.Debug|x86.ActiveCfg = Debug|Win32
		{47EB618E-8C16-4229-B657-9DBA89B3992F}.Debug|x86.Build.0 = Debug|Win32
		{47EB618E-8C16-4229-B657-9DBA89B3992F}.Release|x64.ActiveCfg = Release|x64
		{47EB618E-8C16-4229-B657-9DBA89B3992F}.Release|x64.Build.0 = Release|x64
		{47EB618E-8C16-4229-B657-9DBA89B3992F}.Release|x86.ActiveCfg = Release|Win32
		{47EB618E-8C16-4229-B657-9DBA89B3992F}.Release|x86.Build.0 = Release|Win32
	EndGlobalSection
	GlobalSection(SolutionProperties) = preSolution
		HideSolutionNode = FALSE
	EndGlobalSection
	GlobalSection(ExtensibilityGlobals) = postSolution
		SolutionGuid = {1CEF850E-5EB2-45E6-AF3D-51171EEE27AF}
	EndGlobalSection
EndGlobal
